{
  "requires": true,
  "lockfileVersion": 1,
  "dependencies": {
    "@siderite/linqer": {
      "version": "1.2.2",
      "resolved": "https://registry.npmjs.org/@siderite/linqer/-/linqer-1.2.2.tgz",
      "integrity": "sha512-tBjkDZ0as5xQjtTpNKYBWQ3b9tCny32KirrUCsSllrZwkNnre+u9kbkSFKcPgmVOhIR7dmvxJz9ZY1YQVJodOw==",
      "requires": {
        "@types/node": "^13.7.0"
      }
    },
    "@types/node": {
      "version": "13.13.14",
      "resolved": "https://registry.npmjs.org/@types/node/-/node-13.13.14.tgz",
      "integrity": "sha512-Az3QsOt1U/K1pbCQ0TXGELTuTkPLOiFIQf3ILzbOyo0FqgV9SxRnxbxM5QlAveERZMHpZY+7u3Jz2tKyl+yg6g=="
    }
  }
}
